
Microsoft Visual Studio Solution File, Format Version 12.00
# Visual Studio Version 17
VisualStudioVersion = 17.11.35327.3
MinimumVisualStudioVersion = 10.0.40219.1
Project("{9A19103F-16F7-4668-BE54-9A1E7A4F7556}") = "HashingNoDatabaseApp", "HashingNoDatabaseApp\HashingNoDatabaseApp.csproj", "{F229BAB9-3B94-4E1C-9687-49B763719AC9}"
EndProject
Project("{9A19103F-16F7-4668-BE54-9A1E7A4F7556}") = "EF_Core_ValueConversionsEncryptProperty", "EF_Core_ValueConversionsEncryptProperty\EF_Core_ValueConversionsEncryptProperty.csproj", "{EF4D732C-91FE-454F-8F8D-E0E7C4F252E4}"
EndProject
Project("{2150E333-8FDC-42A3-9474-1A3956D46DE8}") = "Solution Items", "Solution Items", "{CB6A991C-8B35-4F98-9C26-73BBD7A75CC5}"
	ProjectSection(SolutionItems) = preProject
		readme.md = readme.md
		stash.md = stash.md
	EndProjectSection
EndProject
Project("{9A19103F-16F7-4668-BE54-9A1E7A4F7556}") = "RazorPagesSample", "RazorPagesSample\RazorPagesSample.csproj", "{7C49498E-EC9F-4199-B676-E84E9E4A8EA4}"
EndProject
Project("{9A19103F-16F7-4668-BE54-9A1E7A4F7556}") = "AdminApplication", "AdminApplication\AdminApplication.csproj", "{FF648450-5ED7-47FD-AF70-7244E0FA4209}"
EndProject
Project("{9A19103F-16F7-4668-BE54-9A1E7A4F7556}") = "DapperSample", "DapperSample\DapperSample.csproj", "{54E828E3-5D4D-45BD-B1EA-97948C86DBBA}"
EndProject
Project("{2150E333-8FDC-42A3-9474-1A3956D46DE8}") = "BCrypt.Net", "BCrypt.Net", "{26AF011F-8532-4764-8E11-8E46A384A17F}"
EndProject
Project("{FAE04EC0-301F-11D3-BF4B-00C04F79EFBC}") = "NetDevPackHasherArgonApp", "NetDevPackHasherArgonApp\NetDevPackHasherArgonApp.csproj", "{C6E73783-5E45-4E57-8A82-FB0462F40565}"
EndProject
Project("{2150E333-8FDC-42A3-9474-1A3956D46DE8}") = "Other", "Other", "{37B57FDA-B024-4D34-955E-C624C7A7A400}"
EndProject
Global
	GlobalSection(SolutionConfigurationPlatforms) = preSolution
		Debug|Any CPU = Debug|Any CPU
		Release|Any CPU = Release|Any CPU
	EndGlobalSection
	GlobalSection(ProjectConfigurationPlatforms) = postSolution
		{F229BAB9-3B94-4E1C-9687-49B763719AC9}.Debug|Any CPU.ActiveCfg = Debug|Any CPU
		{F229BAB9-3B94-4E1C-9687-49B763719AC9}.Debug|Any CPU.Build.0 = Debug|Any CPU
		{F229BAB9-3B94-4E1C-9687-49B763719AC9}.Release|Any CPU.ActiveCfg = Release|Any CPU
		{F229BAB9-3B94-4E1C-9687-49B763719AC9}.Release|Any CPU.Build.0 = Release|Any CPU
		{EF4D732C-91FE-454F-8F8D-E0E7C4F252E4}.Debug|Any CPU.ActiveCfg = Debug|Any CPU
		{EF4D732C-91FE-454F-8F8D-E0E7C4F252E4}.Debug|Any CPU.Build.0 = Debug|Any CPU
		{EF4D732C-91FE-454F-8F8D-E0E7C4F252E4}.Release|Any CPU.ActiveCfg = Release|Any CPU
		{EF4D732C-91FE-454F-8F8D-E0E7C4F252E4}.Release|Any CPU.Build.0 = Release|Any CPU
		{7C49498E-EC9F-4199-B676-E84E9E4A8EA4}.Debug|Any CPU.ActiveCfg = Debug|Any CPU
		{7C49498E-EC9F-4199-B676-E84E9E4A8EA4}.Debug|Any CPU.Build.0 = Debug|Any CPU
		{7C49498E-EC9F-4199-B676-E84E9E4A8EA4}.Release|Any CPU.ActiveCfg = Release|Any CPU
		{7C49498E-EC9F-4199-B676-E84E9E4A8EA4}.Release|Any CPU.Build.0 = Release|Any CPU
		{FF648450-5ED7-47FD-AF70-7244E0FA4209}.Debug|Any CPU.ActiveCfg = Debug|Any CPU
		{FF648450-5ED7-47FD-AF70-7244E0FA4209}.Debug|Any CPU.Build.0 = Debug|Any CPU
		{FF648450-5ED7-47FD-AF70-7244E0FA4209}.Release|Any CPU.ActiveCfg = Release|Any CPU
		{FF648450-5ED7-47FD-AF70-7244E0FA4209}.Release|Any CPU.Build.0 = Release|Any CPU
		{54E828E3-5D4D-45BD-B1EA-97948C86DBBA}.Debug|Any CPU.ActiveCfg = Debug|Any CPU
		{54E828E3-5D4D-45BD-B1EA-97948C86DBBA}.Debug|Any CPU.Build.0 = Debug|Any CPU
		{54E828E3-5D4D-45BD-B1EA-97948C86DBBA}.Release|Any CPU.ActiveCfg = Release|Any CPU
		{54E828E3-5D4D-45BD-B1EA-97948C86DBBA}.Release|Any CPU.Build.0 = Release|Any CPU
		{C6E73783-5E45-4E57-8A82-FB0462F40565}.Debug|Any CPU.ActiveCfg = Debug|Any CPU
		{C6E73783-5E45-4E57-8A82-FB0462F40565}.Debug|Any CPU.Build.0 = Debug|Any CPU
		{C6E73783-5E45-4E57-8A82-FB0462F40565}.Release|Any CPU.ActiveCfg = Release|Any CPU
		{C6E73783-5E45-4E57-8A82-FB0462F40565}.Release|Any CPU.Build.0 = Release|Any CPU
	EndGlobalSection
	GlobalSection(SolutionProperties) = preSolution
		HideSolutionNode = FALSE
	EndGlobalSection
	GlobalSection(NestedProjects) = preSolution
		{F229BAB9-3B94-4E1C-9687-49B763719AC9} = {26AF011F-8532-4764-8E11-8E46A384A17F}
		{EF4D732C-91FE-454F-8F8D-E0E7C4F252E4} = {26AF011F-8532-4764-8E11-8E46A384A17F}
		{7C49498E-EC9F-4199-B676-E84E9E4A8EA4} = {26AF011F-8532-4764-8E11-8E46A384A17F}
		{FF648450-5ED7-47FD-AF70-7244E0FA4209} = {26AF011F-8532-4764-8E11-8E46A384A17F}
		{54E828E3-5D4D-45BD-B1EA-97948C86DBBA} = {26AF011F-8532-4764-8E11-8E46A384A17F}
		{C6E73783-5E45-4E57-8A82-FB0462F40565} = {37B57FDA-B024-4D34-955E-C624C7A7A400}
	EndGlobalSection
	GlobalSection(ExtensibilityGlobals) = postSolution
		SolutionGuid = {F4F34A19-B2D6-46BF-81CB-09BDD54A6608}
	EndGlobalSection
EndGlobal
